
Microsoft Visual Studio Solution File, Format Version 12.00
# Visual Studio Version 17
VisualStudioVersion = 17.3.32922.545
MinimumVisualStudioVersion = 10.0.40219.1
Project("{FAE04EC0-301F-11D3-BF4B-00C04F79EFBC}") = "database-exercise", "database-exercise\database-exercise.csproj", "{C569E2E5-388C-405C-BAA1-65CEB08F13DC}"
EndProject
Global
	GlobalSection(SolutionConfigurationPlatforms) = preSolution
		Debug|Any CPU = Debug|Any CPU
		Release|Any CPU = Release|Any CPU
	EndGlobalSection
	GlobalSection(ProjectConfigurationPlatforms) = postSolution
		{C569E2E5-388C-405C-BAA1-65CEB08F13DC}.Debug|Any CPU.ActiveCfg = Debug|Any CPU
		{C569E2E5-388C-405C-BAA1-65CEB08F13DC}.Debug|Any CPU.Build.0 = Debug|Any CPU
		{C569E2E5-388C-405C-BAA1-65CEB08F13DC}.Release|Any CPU.ActiveCfg = Release|Any CPU
		{C569E2E5-388C-405C-BAA1-65CEB08F13DC}.Release|Any CPU.Build.0 = Release|Any CPU
	EndGlobalSection
	GlobalSection(SolutionProperties) = preSolution
		HideSolutionNode = FALSE
	EndGlobalSection
	GlobalSection(ExtensibilityGlobals) = postSolution
		SolutionGuid = {E96AFCC1-CC03-400D-B2EE-66F54C55C9F1}
	EndGlobalSection
EndGlobal
